// !$*UTF8*$!
{
	archiveVersion = 1;
	classes = {
	};
	objectVersion = 48;
	objects = {

/* Begin PBXBuildFile section */
		4C8839D23A6E648354BEDA8F /* Pods_QuestTime.framework in Frameworks */ = {isa = PBXBuildFile; fileRef = FB74511FEA05EA0252D74BE1 /* Pods_QuestTime.framework */; };
		B4032F04205880E2007EFE96 /* LoginViewController.swift in Sources */ = {isa = PBXBuildFile; fileRef = B4032F03205880E2007EFE96 /* LoginViewController.swift */; };
		B408FEE0206A8D8100E76A56 /* QTTextField.swift in Sources */ = {isa = PBXBuildFile; fileRef = B408FEDF206A8D8100E76A56 /* QTTextField.swift */; };
		B41DA020206AE4C9008E960C /* RoomsViewController.swift in Sources */ = {isa = PBXBuildFile; fileRef = B41DA01F206AE4C9008E960C /* RoomsViewController.swift */; };
		B41DA023206AE4FB008E960C /* RoomTableViewCell.swift in Sources */ = {isa = PBXBuildFile; fileRef = B41DA021206AE4FB008E960C /* RoomTableViewCell.swift */; };
		B41DA024206AE4FB008E960C /* RoomTableViewCell.xib in Resources */ = {isa = PBXBuildFile; fileRef = B41DA022206AE4FB008E960C /* RoomTableViewCell.xib */; };
		B443AD97206F899400FC6662 /* RoomViewController.swift in Sources */ = {isa = PBXBuildFile; fileRef = B443AD96206F899400FC6662 /* RoomViewController.swift */; };
		B443AD9C206F8F2000FC6662 /* QuestionTableViewCell.swift in Sources */ = {isa = PBXBuildFile; fileRef = B443AD9A206F8F2000FC6662 /* QuestionTableViewCell.swift */; };
		B443AD9D206F8F2000FC6662 /* QuestionTableViewCell.xib in Resources */ = {isa = PBXBuildFile; fileRef = B443AD9B206F8F2000FC6662 /* QuestionTableViewCell.xib */; };
		B45E0666206FD02500B8950E /* CreateRoomViewController.swift in Sources */ = {isa = PBXBuildFile; fileRef = B45E0665206FD02500B8950E /* CreateRoomViewController.swift */; };
		B45E0668206FD17F00B8950E /* UICollectionView+QT.swift in Sources */ = {isa = PBXBuildFile; fileRef = B45E0667206FD17F00B8950E /* UICollectionView+QT.swift */; };
		B45E066B206FD1E000B8950E /* CategoryCollectionViewCell.swift in Sources */ = {isa = PBXBuildFile; fileRef = B45E0669206FD1E000B8950E /* CategoryCollectionViewCell.swift */; };
		B45E066C206FD1E000B8950E /* CategoryCollectionViewCell.xib in Resources */ = {isa = PBXBuildFile; fileRef = B45E066A206FD1E000B8950E /* CategoryCollectionViewCell.xib */; };
		B4656C1F205941120081BB6F /* RegisterViewController.swift in Sources */ = {isa = PBXBuildFile; fileRef = B4656C1E205941120081BB6F /* RegisterViewController.swift */; };
		B4656C21205942800081BB6F /* UIStoryboard+QT.swift in Sources */ = {isa = PBXBuildFile; fileRef = B4656C20205942800081BB6F /* UIStoryboard+QT.swift */; };
		B4656C232059428B0081BB6F /* Constants.swift in Sources */ = {isa = PBXBuildFile; fileRef = B4656C222059428A0081BB6F /* Constants.swift */; };
		B4B1F3DE206B9C080040A4CD /* UITableView+QT.swift in Sources */ = {isa = PBXBuildFile; fileRef = B4B1F3DD206B9C080040A4CD /* UITableView+QT.swift */; };
		B4B51F07204C29A100414BB1 /* AppDelegate.swift in Sources */ = {isa = PBXBuildFile; fileRef = B4B51F06204C29A100414BB1 /* AppDelegate.swift */; };
		B4B51F0C204C29A100414BB1 /* Main.storyboard in Resources */ = {isa = PBXBuildFile; fileRef = B4B51F0A204C29A100414BB1 /* Main.storyboard */; };
		B4B51F0E204C29A100414BB1 /* Assets.xcassets in Resources */ = {isa = PBXBuildFile; fileRef = B4B51F0D204C29A100414BB1 /* Assets.xcassets */; };
		B4B51F11204C29A100414BB1 /* LaunchScreen.storyboard in Resources */ = {isa = PBXBuildFile; fileRef = B4B51F0F204C29A100414BB1 /* LaunchScreen.storyboard */; };
		B4B51F19204C2CA800414BB1 /* GoogleService-Info.plist in Resources */ = {isa = PBXBuildFile; fileRef = B4B51F18204C2CA800414BB1 /* GoogleService-Info.plist */; };
		B4C449F720505C6B00DFDB1D /* GradientView.swift in Sources */ = {isa = PBXBuildFile; fileRef = B4C449F620505C6B00DFDB1D /* GradientView.swift */; };
		B4C449FB20506C8100DFDB1D /* OutlineLabel.swift in Sources */ = {isa = PBXBuildFile; fileRef = B4C449FA20506C8100DFDB1D /* OutlineLabel.swift */; };
		B4CD05FE20711FD7008A9F6C /* PeopleViewController.swift in Sources */ = {isa = PBXBuildFile; fileRef = B4CD05FD20711FD7008A9F6C /* PeopleViewController.swift */; };
		B4CD06062071201E008A9F6C /* PersonTableViewCell.swift in Sources */ = {isa = PBXBuildFile; fileRef = B4CD06042071201E008A9F6C /* PersonTableViewCell.swift */; };
		B4CD06072071201E008A9F6C /* PersonTableViewCell.xib in Resources */ = {isa = PBXBuildFile; fileRef = B4CD06052071201E008A9F6C /* PersonTableViewCell.xib */; };
/* End PBXBuildFile section */

/* Begin PBXFileReference section */
		801C320CC39EE704113BE32D /* Pods-QuestTime.release.xcconfig */ = {isa = PBXFileReference; includeInIndex = 1; lastKnownFileType = text.xcconfig; name = "Pods-QuestTime.release.xcconfig"; path = "Pods/Target Support Files/Pods-QuestTime/Pods-QuestTime.release.xcconfig"; sourceTree = "<group>"; };
		865E8483962684C54E61DAB9 /* Pods-QuestTime.debug.xcconfig */ = {isa = PBXFileReference; includeInIndex = 1; lastKnownFileType = text.xcconfig; name = "Pods-QuestTime.debug.xcconfig"; path = "Pods/Target Support Files/Pods-QuestTime/Pods-QuestTime.debug.xcconfig"; sourceTree = "<group>"; };
		B4032F03205880E2007EFE96 /* LoginViewController.swift */ = {isa = PBXFileReference; lastKnownFileType = sourcecode.swift; path = LoginViewController.swift; sourceTree = "<group>"; };
		B408FEDF206A8D8100E76A56 /* QTTextField.swift */ = {isa = PBXFileReference; lastKnownFileType = sourcecode.swift; path = QTTextField.swift; sourceTree = "<group>"; };
		B41DA01F206AE4C9008E960C /* RoomsViewController.swift */ = {isa = PBXFileReference; lastKnownFileType = sourcecode.swift; path = RoomsViewController.swift; sourceTree = "<group>"; };
		B41DA021206AE4FB008E960C /* RoomTableViewCell.swift */ = {isa = PBXFileReference; lastKnownFileType = sourcecode.swift; path = RoomTableViewCell.swift; sourceTree = "<group>"; };
		B41DA022206AE4FB008E960C /* RoomTableViewCell.xib */ = {isa = PBXFileReference; lastKnownFileType = file.xib; path = RoomTableViewCell.xib; sourceTree = "<group>"; };
		B443AD96206F899400FC6662 /* RoomViewController.swift */ = {isa = PBXFileReference; lastKnownFileType = sourcecode.swift; path = RoomViewController.swift; sourceTree = "<group>"; };
		B443AD9A206F8F2000FC6662 /* QuestionTableViewCell.swift */ = {isa = PBXFileReference; lastKnownFileType = sourcecode.swift; path = QuestionTableViewCell.swift; sourceTree = "<group>"; };
		B443AD9B206F8F2000FC6662 /* QuestionTableViewCell.xib */ = {isa = PBXFileReference; lastKnownFileType = file.xib; path = QuestionTableViewCell.xib; sourceTree = "<group>"; };
		B45E0665206FD02500B8950E /* CreateRoomViewController.swift */ = {isa = PBXFileReference; lastKnownFileType = sourcecode.swift; path = CreateRoomViewController.swift; sourceTree = "<group>"; };
		B45E0667206FD17F00B8950E /* UICollectionView+QT.swift */ = {isa = PBXFileReference; lastKnownFileType = sourcecode.swift; path = "UICollectionView+QT.swift"; sourceTree = "<group>"; };
		B45E0669206FD1E000B8950E /* CategoryCollectionViewCell.swift */ = {isa = PBXFileReference; lastKnownFileType = sourcecode.swift; path = CategoryCollectionViewCell.swift; sourceTree = "<group>"; };
		B45E066A206FD1E000B8950E /* CategoryCollectionViewCell.xib */ = {isa = PBXFileReference; lastKnownFileType = file.xib; path = CategoryCollectionViewCell.xib; sourceTree = "<group>"; };
		B4656C1E205941120081BB6F /* RegisterViewController.swift */ = {isa = PBXFileReference; lastKnownFileType = sourcecode.swift; path = RegisterViewController.swift; sourceTree = "<group>"; };
		B4656C20205942800081BB6F /* UIStoryboard+QT.swift */ = {isa = PBXFileReference; lastKnownFileType = sourcecode.swift; path = "UIStoryboard+QT.swift"; sourceTree = "<group>"; };
		B4656C222059428A0081BB6F /* Constants.swift */ = {isa = PBXFileReference; lastKnownFileType = sourcecode.swift; path = Constants.swift; sourceTree = "<group>"; };
		B4B1F3DD206B9C080040A4CD /* UITableView+QT.swift */ = {isa = PBXFileReference; lastKnownFileType = sourcecode.swift; path = "UITableView+QT.swift"; sourceTree = "<group>"; };
		B4B51F03204C29A100414BB1 /* QuestTime.app */ = {isa = PBXFileReference; explicitFileType = wrapper.application; includeInIndex = 0; path = QuestTime.app; sourceTree = BUILT_PRODUCTS_DIR; };
		B4B51F06204C29A100414BB1 /* AppDelegate.swift */ = {isa = PBXFileReference; lastKnownFileType = sourcecode.swift; path = AppDelegate.swift; sourceTree = "<group>"; };
		B4B51F0B204C29A100414BB1 /* Base */ = {isa = PBXFileReference; lastKnownFileType = file.storyboard; name = Base; path = Base.lproj/Main.storyboard; sourceTree = "<group>"; };
		B4B51F0D204C29A100414BB1 /* Assets.xcassets */ = {isa = PBXFileReference; lastKnownFileType = folder.assetcatalog; path = Assets.xcassets; sourceTree = "<group>"; };
		B4B51F10204C29A100414BB1 /* Base */ = {isa = PBXFileReference; lastKnownFileType = file.storyboard; name = Base; path = Base.lproj/LaunchScreen.storyboard; sourceTree = "<group>"; };
		B4B51F12204C29A100414BB1 /* Info.plist */ = {isa = PBXFileReference; lastKnownFileType = text.plist.xml; path = Info.plist; sourceTree = "<group>"; };
		B4B51F18204C2CA800414BB1 /* GoogleService-Info.plist */ = {isa = PBXFileReference; fileEncoding = 4; lastKnownFileType = text.plist.xml; path = "GoogleService-Info.plist"; sourceTree = "<group>"; };
		B4C449F620505C6B00DFDB1D /* GradientView.swift */ = {isa = PBXFileReference; lastKnownFileType = sourcecode.swift; path = GradientView.swift; sourceTree = "<group>"; };
		B4C449FA20506C8100DFDB1D /* OutlineLabel.swift */ = {isa = PBXFileReference; lastKnownFileType = sourcecode.swift; path = OutlineLabel.swift; sourceTree = "<group>"; };
		B4CD05FD20711FD7008A9F6C /* PeopleViewController.swift */ = {isa = PBXFileReference; lastKnownFileType = sourcecode.swift; path = PeopleViewController.swift; sourceTree = "<group>"; };
		B4CD06042071201E008A9F6C /* PersonTableViewCell.swift */ = {isa = PBXFileReference; lastKnownFileType = sourcecode.swift; path = PersonTableViewCell.swift; sourceTree = "<group>"; };
		B4CD06052071201E008A9F6C /* PersonTableViewCell.xib */ = {isa = PBXFileReference; lastKnownFileType = file.xib; path = PersonTableViewCell.xib; sourceTree = "<group>"; };
		FB74511FEA05EA0252D74BE1 /* Pods_QuestTime.framework */ = {isa = PBXFileReference; explicitFileType = wrapper.framework; includeInIndex = 0; path = Pods_QuestTime.framework; sourceTree = BUILT_PRODUCTS_DIR; };
/* End PBXFileReference section */

/* Begin PBXFrameworksBuildPhase section */
		B4B51F00204C29A100414BB1 /* Frameworks */ = {
			isa = PBXFrameworksBuildPhase;
			buildActionMask = 2147483647;
			files = (
				4C8839D23A6E648354BEDA8F /* Pods_QuestTime.framework in Frameworks */,
			);
			runOnlyForDeploymentPostprocessing = 0;
		};
/* End PBXFrameworksBuildPhase section */

/* Begin PBXGroup section */
		3A93B633319EFE011E7D330B /* Pods */ = {
			isa = PBXGroup;
			children = (
				865E8483962684C54E61DAB9 /* Pods-QuestTime.debug.xcconfig */,
				801C320CC39EE704113BE32D /* Pods-QuestTime.release.xcconfig */,
			);
			name = Pods;
			sourceTree = "<group>";
		};
		768DBC0EFC7DDFF1BC9651EA /* Frameworks */ = {
			isa = PBXGroup;
			children = (
				FB74511FEA05EA0252D74BE1 /* Pods_QuestTime.framework */,
			);
			name = Frameworks;
			sourceTree = "<group>";
		};
		B4032F01205880B4007EFE96 /* Supporting Files */ = {
			isa = PBXGroup;
			children = (
				B4B51F18204C2CA800414BB1 /* GoogleService-Info.plist */,
				B4B51F0D204C29A100414BB1 /* Assets.xcassets */,
				B4B51F0F204C29A100414BB1 /* LaunchScreen.storyboard */,
			);
			path = "Supporting Files";
			sourceTree = "<group>";
		};
		B4032F02205880D0007EFE96 /* Helper Classes */ = {
			isa = PBXGroup;
			children = (
				B4C449F620505C6B00DFDB1D /* GradientView.swift */,
				B4C449FA20506C8100DFDB1D /* OutlineLabel.swift */,
				B4656C20205942800081BB6F /* UIStoryboard+QT.swift */,
				B4656C222059428A0081BB6F /* Constants.swift */,
				B408FEDF206A8D8100E76A56 /* QTTextField.swift */,
				B4B1F3DD206B9C080040A4CD /* UITableView+QT.swift */,
				B45E0667206FD17F00B8950E /* UICollectionView+QT.swift */,
			);
			path = "Helper Classes";
			sourceTree = "<group>";
		};
		B4B51EFA204C29A100414BB1 = {
			isa = PBXGroup;
			children = (
				B4B51F05204C29A100414BB1 /* QuestTime */,
				B4B51F04204C29A100414BB1 /* Products */,
				3A93B633319EFE011E7D330B /* Pods */,
				768DBC0EFC7DDFF1BC9651EA /* Frameworks */,
			);
			sourceTree = "<group>";
		};
		B4B51F04204C29A100414BB1 /* Products */ = {
			isa = PBXGroup;
			children = (
				B4B51F03204C29A100414BB1 /* QuestTime.app */,
			);
			name = Products;
			sourceTree = "<group>";
		};
		B4B51F05204C29A100414BB1 /* QuestTime */ = {
			isa = PBXGroup;
			children = (
				B4B51F12204C29A100414BB1 /* Info.plist */,
				B4B51F06204C29A100414BB1 /* AppDelegate.swift */,
				B4B51F0A204C29A100414BB1 /* Main.storyboard */,
				B4032F03205880E2007EFE96 /* LoginViewController.swift */,
				B4656C1E205941120081BB6F /* RegisterViewController.swift */,
				B41DA01F206AE4C9008E960C /* RoomsViewController.swift */,
				B41DA021206AE4FB008E960C /* RoomTableViewCell.swift */,
				B41DA022206AE4FB008E960C /* RoomTableViewCell.xib */,
				B443AD96206F899400FC6662 /* RoomViewController.swift */,
				B443AD9A206F8F2000FC6662 /* QuestionTableViewCell.swift */,
				B443AD9B206F8F2000FC6662 /* QuestionTableViewCell.xib */,
				B45E0665206FD02500B8950E /* CreateRoomViewController.swift */,
				B45E0669206FD1E000B8950E /* CategoryCollectionViewCell.swift */,
				B45E066A206FD1E000B8950E /* CategoryCollectionViewCell.xib */,
				B4CD05FD20711FD7008A9F6C /* PeopleViewController.swift */,
				B4CD06042071201E008A9F6C /* PersonTableViewCell.swift */,
				B4CD06052071201E008A9F6C /* PersonTableViewCell.xib */,
				B4032F02205880D0007EFE96 /* Helper Classes */,
				B4032F01205880B4007EFE96 /* Supporting Files */,
			);
			path = QuestTime;
			sourceTree = "<group>";
		};
/* End PBXGroup section */

/* Begin PBXNativeTarget section */
		B4B51F02204C29A100414BB1 /* QuestTime */ = {
			isa = PBXNativeTarget;
			buildConfigurationList = B4B51F15204C29A100414BB1 /* Build configuration list for PBXNativeTarget "QuestTime" */;
			buildPhases = (
				23C17030B9054645B9242EB1 /* [CP] Check Pods Manifest.lock */,
				B4B51EFF204C29A100414BB1 /* Sources */,
				B4B51F00204C29A100414BB1 /* Frameworks */,
				B4B51F01204C29A100414BB1 /* Resources */,
				18C16F45E1092696C608AE67 /* [CP] Embed Pods Frameworks */,
				0DDD76B8B10698140A567BFD /* [CP] Copy Pods Resources */,
			);
			buildRules = (
			);
			dependencies = (
			);
			name = QuestTime;
			productName = QuestTime;
			productReference = B4B51F03204C29A100414BB1 /* QuestTime.app */;
			productType = "com.apple.product-type.application";
		};
/* End PBXNativeTarget section */

/* Begin PBXProject section */
		B4B51EFB204C29A100414BB1 /* Project object */ = {
			isa = PBXProject;
			attributes = {
				LastSwiftUpdateCheck = 0920;
				LastUpgradeCheck = 0920;
				ORGANIZATIONNAME = BlabLab;
				TargetAttributes = {
					B4B51F02204C29A100414BB1 = {
						CreatedOnToolsVersion = 9.2;
						ProvisioningStyle = Automatic;
					};
				};
			};
			buildConfigurationList = B4B51EFE204C29A100414BB1 /* Build configuration list for PBXProject "QuestTime" */;
			compatibilityVersion = "Xcode 8.0";
			developmentRegion = en;
			hasScannedForEncodings = 0;
			knownRegions = (
				en,
				Base,
			);
			mainGroup = B4B51EFA204C29A100414BB1;
			productRefGroup = B4B51F04204C29A100414BB1 /* Products */;
			projectDirPath = "";
			projectRoot = "";
			targets = (
				B4B51F02204C29A100414BB1 /* QuestTime */,
			);
		};
/* End PBXProject section */

/* Begin PBXResourcesBuildPhase section */
		B4B51F01204C29A100414BB1 /* Resources */ = {
			isa = PBXResourcesBuildPhase;
			buildActionMask = 2147483647;
			files = (
				B41DA024206AE4FB008E960C /* RoomTableViewCell.xib in Resources */,
				B45E066C206FD1E000B8950E /* CategoryCollectionViewCell.xib in Resources */,
				B4CD06072071201E008A9F6C /* PersonTableViewCell.xib in Resources */,
				B4B51F11204C29A100414BB1 /* LaunchScreen.storyboard in Resources */,
				B4B51F19204C2CA800414BB1 /* GoogleService-Info.plist in Resources */,
				B443AD9D206F8F2000FC6662 /* QuestionTableViewCell.xib in Resources */,
				B4B51F0E204C29A100414BB1 /* Assets.xcassets in Resources */,
				B4B51F0C204C29A100414BB1 /* Main.storyboard in Resources */,
			);
			runOnlyForDeploymentPostprocessing = 0;
		};
/* End PBXResourcesBuildPhase section */

/* Begin PBXShellScriptBuildPhase section */
		0DDD76B8B10698140A567BFD /* [CP] Copy Pods Resources */ = {
			isa = PBXShellScriptBuildPhase;
			buildActionMask = 2147483647;
			files = (
			);
			inputPaths = (
			);
			name = "[CP] Copy Pods Resources";
			outputPaths = (
			);
			runOnlyForDeploymentPostprocessing = 0;
			shellPath = /bin/sh;
			shellScript = "\"${SRCROOT}/Pods/Target Support Files/Pods-QuestTime/Pods-QuestTime-resources.sh\"\n";
			showEnvVarsInLog = 0;
		};
		18C16F45E1092696C608AE67 /* [CP] Embed Pods Frameworks */ = {
			isa = PBXShellScriptBuildPhase;
			buildActionMask = 2147483647;
			files = (
			);
			inputPaths = (
				"${SRCROOT}/Pods/Target Support Files/Pods-QuestTime/Pods-QuestTime-frameworks.sh",
				"${BUILT_PRODUCTS_DIR}/GoogleToolboxForMac/GoogleToolboxForMac.framework",
				"${BUILT_PRODUCTS_DIR}/nanopb/nanopb.framework",
			);
			name = "[CP] Embed Pods Frameworks";
			outputPaths = (
				"${TARGET_BUILD_DIR}/${FRAMEWORKS_FOLDER_PATH}/GoogleToolboxForMac.framework",
				"${TARGET_BUILD_DIR}/${FRAMEWORKS_FOLDER_PATH}/nanopb.framework",
			);
			runOnlyForDeploymentPostprocessing = 0;
			shellPath = /bin/sh;
			shellScript = "\"${SRCROOT}/Pods/Target Support Files/Pods-QuestTime/Pods-QuestTime-frameworks.sh\"\n";
			showEnvVarsInLog = 0;
		};
		23C17030B9054645B9242EB1 /* [CP] Check Pods Manifest.lock */ = {
			isa = PBXShellScriptBuildPhase;
			buildActionMask = 2147483647;
			files = (
			);
			inputPaths = (
				"${PODS_PODFILE_DIR_PATH}/Podfile.lock",
				"${PODS_ROOT}/Manifest.lock",
			);
			name = "[CP] Check Pods Manifest.lock";
			outputPaths = (
				"$(DERIVED_FILE_DIR)/Pods-QuestTime-checkManifestLockResult.txt",
			);
			runOnlyForDeploymentPostprocessing = 0;
			shellPath = /bin/sh;
			shellScript = "diff \"${PODS_PODFILE_DIR_PATH}/Podfile.lock\" \"${PODS_ROOT}/Manifest.lock\" > /dev/null\nif [ $? != 0 ] ; then\n    # print error to STDERR\n    echo \"error: The sandbox is not in sync with the Podfile.lock. Run 'pod install' or update your CocoaPods installation.\" >&2\n    exit 1\nfi\n# This output is used by Xcode 'outputs' to avoid re-running this script phase.\necho \"SUCCESS\" > \"${SCRIPT_OUTPUT_FILE_0}\"\n";
			showEnvVarsInLog = 0;
		};
/* End PBXShellScriptBuildPhase section */

/* Begin PBXSourcesBuildPhase section */
		B4B51EFF204C29A100414BB1 /* Sources */ = {
			isa = PBXSourcesBuildPhase;
			buildActionMask = 2147483647;
			files = (
				B45E066B206FD1E000B8950E /* CategoryCollectionViewCell.swift in Sources */,
				B4032F04205880E2007EFE96 /* LoginViewController.swift in Sources */,
				B443AD9C206F8F2000FC6662 /* QuestionTableViewCell.swift in Sources */,
				B4656C1F205941120081BB6F /* RegisterViewController.swift in Sources */,
				B45E0668206FD17F00B8950E /* UICollectionView+QT.swift in Sources */,
				B45E0666206FD02500B8950E /* CreateRoomViewController.swift in Sources */,
				B4B51F07204C29A100414BB1 /* AppDelegate.swift in Sources */,
				B443AD97206F899400FC6662 /* RoomViewController.swift in Sources */,
				B4C449F720505C6B00DFDB1D /* GradientView.swift in Sources */,
				B41DA023206AE4FB008E960C /* RoomTableViewCell.swift in Sources */,
				B4CD05FE20711FD7008A9F6C /* PeopleViewController.swift in Sources */,
				B408FEE0206A8D8100E76A56 /* QTTextField.swift in Sources */,
				B4CD06062071201E008A9F6C /* PersonTableViewCell.swift in Sources */,
				B41DA020206AE4C9008E960C /* RoomsViewController.swift in Sources */,
				B4C449FB20506C8100DFDB1D /* OutlineLabel.swift in Sources */,
				B4656C21205942800081BB6F /* UIStoryboard+QT.swift in Sources */,
				B4B1F3DE206B9C080040A4CD /* UITableView+QT.swift in Sources */,
				B4656C232059428B0081BB6F /* Constants.swift in Sources */,
			);
			runOnlyForDeploymentPostprocessing = 0;
		};
/* End PBXSourcesBuildPhase section */

/* Begin PBXVariantGroup section */
		B4B51F0A204C29A100414BB1 /* Main.storyboard */ = {
			isa = PBXVariantGroup;
			children = (
				B4B51F0B204C29A100414BB1 /* Base */,
			);
			name = Main.storyboard;
			sourceTree = "<group>";
		};
		B4B51F0F204C29A100414BB1 /* LaunchScreen.storyboard */ = {
			isa = PBXVariantGroup;
			children = (
				B4B51F10204C29A100414BB1 /* Base */,
			);
			name = LaunchScreen.storyboard;
			sourceTree = "<group>";
		};
/* End PBXVariantGroup section */

/* Begin XCBuildConfiguration section */
		B4B51F13204C29A100414BB1 /* Debug */ = {
			isa = XCBuildConfiguration;
			buildSettings = {
				ALWAYS_SEARCH_USER_PATHS = NO;
				CLANG_ANALYZER_NONNULL = YES;
				CLANG_ANALYZER_NUMBER_OBJECT_CONVERSION = YES_AGGRESSIVE;
				CLANG_CXX_LANGUAGE_STANDARD = "gnu++14";
				CLANG_CXX_LIBRARY = "libc++";
				CLANG_ENABLE_MODULES = YES;
				CLANG_ENABLE_OBJC_ARC = YES;
				CLANG_WARN_BLOCK_CAPTURE_AUTORELEASING = YES;
				CLANG_WARN_BOOL_CONVERSION = YES;
				CLANG_WARN_COMMA = YES;
				CLANG_WARN_CONSTANT_CONVERSION = YES;
				CLANG_WARN_DIRECT_OBJC_ISA_USAGE = YES_ERROR;
				CLANG_WARN_DOCUMENTATION_COMMENTS = YES;
				CLANG_WARN_EMPTY_BODY = YES;
				CLANG_WARN_ENUM_CONVERSION = YES;
				CLANG_WARN_INFINITE_RECURSION = YES;
				CLANG_WARN_INT_CONVERSION = YES;
				CLANG_WARN_NON_LITERAL_NULL_CONVERSION = YES;
				CLANG_WARN_OBJC_LITERAL_CONVERSION = YES;
				CLANG_WARN_OBJC_ROOT_CLASS = YES_ERROR;
				CLANG_WARN_RANGE_LOOP_ANALYSIS = YES;
				CLANG_WARN_STRICT_PROTOTYPES = YES;
				CLANG_WARN_SUSPICIOUS_MOVE = YES;
				CLANG_WARN_UNGUARDED_AVAILABILITY = YES_AGGRESSIVE;
				CLANG_WARN_UNREACHABLE_CODE = YES;
				CLANG_WARN__DUPLICATE_METHOD_MATCH = YES;
				CODE_SIGN_IDENTITY = "iPhone Developer";
				COPY_PHASE_STRIP = NO;
				DEBUG_INFORMATION_FORMAT = dwarf;
				ENABLE_STRICT_OBJC_MSGSEND = YES;
				ENABLE_TESTABILITY = YES;
				GCC_C_LANGUAGE_STANDARD = gnu11;
				GCC_DYNAMIC_NO_PIC = NO;
				GCC_NO_COMMON_BLOCKS = YES;
				GCC_OPTIMIZATION_LEVEL = 0;
				GCC_PREPROCESSOR_DEFINITIONS = (
					"DEBUG=1",
					"$(inherited)",
				);
				GCC_WARN_64_TO_32_BIT_CONVERSION = YES;
				GCC_WARN_ABOUT_RETURN_TYPE = YES_ERROR;
				GCC_WARN_UNDECLARED_SELECTOR = YES;
				GCC_WARN_UNINITIALIZED_AUTOS = YES_AGGRESSIVE;
				GCC_WARN_UNUSED_FUNCTION = YES;
				GCC_WARN_UNUSED_VARIABLE = YES;
				IPHONEOS_DEPLOYMENT_TARGET = 11.2;
				MTL_ENABLE_DEBUG_INFO = YES;
				ONLY_ACTIVE_ARCH = YES;
				SDKROOT = iphoneos;
				SWIFT_ACTIVE_COMPILATION_CONDITIONS = DEBUG;
				SWIFT_OPTIMIZATION_LEVEL = "-Onone";
			};
			name = Debug;
		};
		B4B51F14204C29A100414BB1 /* Release */ = {
			isa = XCBuildConfiguration;
			buildSettings = {
				ALWAYS_SEARCH_USER_PATHS = NO;
				CLANG_ANALYZER_NONNULL = YES;
				CLANG_ANALYZER_NUMBER_OBJECT_CONVERSION = YES_AGGRESSIVE;
				CLANG_CXX_LANGUAGE_STANDARD = "gnu++14";
				CLANG_CXX_LIBRARY = "libc++";
				CLANG_ENABLE_MODULES = YES;
				CLANG_ENABLE_OBJC_ARC = YES;
				CLANG_WARN_BLOCK_CAPTURE_AUTORELEASING = YES;
				CLANG_WARN_BOOL_CONVERSION = YES;
				CLANG_WARN_COMMA = YES;
				CLANG_WARN_CONSTANT_CONVERSION = YES;
				CLANG_WARN_DIRECT_OBJC_ISA_USAGE = YES_ERROR;
				CLANG_WARN_DOCUMENTATION_COMMENTS = YES;
				CLANG_WARN_EMPTY_BODY = YES;
				CLANG_WARN_ENUM_CONVERSION = YES;
				CLANG_WARN_INFINITE_RECURSION = YES;
				CLANG_WARN_INT_CONVERSION = YES;
				CLANG_WARN_NON_LITERAL_NULL_CONVERSION = YES;
				CLANG_WARN_OBJC_LITERAL_CONVERSION = YES;
				CLANG_WARN_OBJC_ROOT_CLASS = YES_ERROR;
				CLANG_WARN_RANGE_LOOP_ANALYSIS = YES;
				CLANG_WARN_STRICT_PROTOTYPES = YES;
				CLANG_WARN_SUSPICIOUS_MOVE = YES;
				CLANG_WARN_UNGUARDED_AVAILABILITY = YES_AGGRESSIVE;
				CLANG_WARN_UNREACHABLE_CODE = YES;
				CLANG_WARN__DUPLICATE_METHOD_MATCH = YES;
				CODE_SIGN_IDENTITY = "iPhone Developer";
				COPY_PHASE_STRIP = NO;
				DEBUG_INFORMATION_FORMAT = "dwarf-with-dsym";
				ENABLE_NS_ASSERTIONS = NO;
				ENABLE_STRICT_OBJC_MSGSEND = YES;
				GCC_C_LANGUAGE_STANDARD = gnu11;
				GCC_NO_COMMON_BLOCKS = YES;
				GCC_WARN_64_TO_32_BIT_CONVERSION = YES;
				GCC_WARN_ABOUT_RETURN_TYPE = YES_ERROR;
				GCC_WARN_UNDECLARED_SELECTOR = YES;
				GCC_WARN_UNINITIALIZED_AUTOS = YES_AGGRESSIVE;
				GCC_WARN_UNUSED_FUNCTION = YES;
				GCC_WARN_UNUSED_VARIABLE = YES;
				IPHONEOS_DEPLOYMENT_TARGET = 11.2;
				MTL_ENABLE_DEBUG_INFO = NO;
				SDKROOT = iphoneos;
				SWIFT_OPTIMIZATION_LEVEL = "-Owholemodule";
				VALIDATE_PRODUCT = YES;
			};
			name = Release;
		};
		B4B51F16204C29A100414BB1 /* Debug */ = {
			isa = XCBuildConfiguration;
			baseConfigurationReference = 865E8483962684C54E61DAB9 /* Pods-QuestTime.debug.xcconfig */;
			buildSettings = {
				ASSETCATALOG_COMPILER_APPICON_NAME = AppIcon;
				CODE_SIGN_STYLE = Automatic;
				DEVELOPMENT_TEAM = 5J7U5C6D83;
				INFOPLIST_FILE = QuestTime/Info.plist;
				IPHONEOS_DEPLOYMENT_TARGET = 11.0;
				LD_RUNPATH_SEARCH_PATHS = "$(inherited) @executable_path/Frameworks";
				PRODUCT_BUNDLE_IDENTIFIER = com.BlabLab.QuestTime;
				PRODUCT_NAME = "$(TARGET_NAME)";
				SWIFT_VERSION = 4.0;
				TARGETED_DEVICE_FAMILY = "1,2";
			};
			name = Debug;
		};
		B4B51F17204C29A100414BB1 /* Release */ = {
			isa = XCBuildConfiguration;
			baseConfigurationReference = 801C320CC39EE704113BE32D /* Pods-QuestTime.release.xcconfig */;
			buildSettings = {
				ASSETCATALOG_COMPILER_APPICON_NAME = AppIcon;
				CODE_SIGN_STYLE = Automatic;
				DEVELOPMENT_TEAM = 5J7U5C6D83;
				INFOPLIST_FILE = QuestTime/Info.plist;
				IPHONEOS_DEPLOYMENT_TARGET = 11.0;
				LD_RUNPATH_SEARCH_PATHS = "$(inherited) @executable_path/Frameworks";
				PRODUCT_BUNDLE_IDENTIFIER = com.BlabLab.QuestTime;
				PRODUCT_NAME = "$(TARGET_NAME)";
				SWIFT_VERSION = 4.0;
				TARGETED_DEVICE_FAMILY = "1,2";
			};
			name = Release;
		};
/* End XCBuildConfiguration section */

/* Begin XCConfigurationList section */
		B4B51EFE204C29A100414BB1 /* Build configuration list for PBXProject "QuestTime" */ = {
			isa = XCConfigurationList;
			buildConfigurations = (
				B4B51F13204C29A100414BB1 /* Debug */,
				B4B51F14204C29A100414BB1 /* Release */,
			);
			defaultConfigurationIsVisible = 0;
			defaultConfigurationName = Release;
		};
		B4B51F15204C29A100414BB1 /* Build configuration list for PBXNativeTarget "QuestTime" */ = {
			isa = XCConfigurationList;
			buildConfigurations = (
				B4B51F16204C29A100414BB1 /* Debug */,
				B4B51F17204C29A100414BB1 /* Release */,
			);
			defaultConfigurationIsVisible = 0;
			defaultConfigurationName = Release;
		};
/* End XCConfigurationList section */
	};
	rootObject = B4B51EFB204C29A100414BB1 /* Project object */;
}
